{
  "name": "urdf-exporter",
  "version": "0.1.0",
  "lockfileVersion": 1,
  "requires": true,
  "dependencies": {
    "ansi-regex": {
      "version": "0.2.1",
      "resolved": "https://registry.npmjs.org/ansi-regex/-/ansi-regex-0.2.1.tgz",
      "integrity": "sha1-DY6UaWej2BQ/k+JOKYUl/BsiNfk=",
      "dev": true
    },
    "ansi-styles": {
      "version": "1.1.0",
      "resolved": "https://registry.npmjs.org/ansi-styles/-/ansi-styles-1.1.0.tgz",
      "integrity": "sha1-6uy/Zs1waIJ2Cy9GkVgrj1XXp94=",
      "dev": true
    },
    "chalk": {
      "version": "0.5.1",
      "resolved": "https://registry.npmjs.org/chalk/-/chalk-0.5.1.tgz",
      "integrity": "sha1-Zjs6ZItotV0EaQ1JFnqoN4WPIXQ=",
      "dev": true,
      "requires": {
        "ansi-styles": "1.1.0",
        "escape-string-regexp": "1.0.5",
        "has-ansi": "0.1.0",
        "strip-ansi": "0.3.0",
        "supports-color": "0.2.0"
      }
    },
    "commander": {
      "version": "2.15.0",
      "resolved": "https://registry.npmjs.org/commander/-/commander-2.15.0.tgz",
      "integrity": "sha1-rSojocOwNuOSRpuAEs7GsztMEyI=",
      "dev": true
    },
    "core-js": {
      "version": "2.3.0",
      "resolved": "https://registry.npmjs.org/core-js/-/core-js-2.3.0.tgz",
      "integrity": "sha1-+rg/uwstjchfpjbEudNMdUIMbWU=",
      "dev": true
    },
    "core-util-is": {
      "version": "1.0.2",
      "resolved": "https://registry.npmjs.org/core-util-is/-/core-util-is-1.0.2.tgz",
      "integrity": "sha1-tf1UIgqivFq1eqtxQMlAdUUDwac=",
      "dev": true
    },
    "es6-promise": {
      "version": "3.0.2",
      "resolved": "https://registry.npmjs.org/es6-promise/-/es6-promise-3.0.2.tgz",
      "integrity": "sha1-AQ1YWEI6XxGJeWZfRkhqlcbuK7Y=",
      "dev": true
    },
    "escape-string-regexp": {
      "version": "1.0.5",
      "resolved": "https://registry.npmjs.org/escape-string-regexp/-/escape-string-regexp-1.0.5.tgz",
      "integrity": "sha1-G2HAViGQqN/2rjuyzwIAyhMLhtQ=",
      "dev": true
    },
    "file-size": {
      "version": "0.0.5",
      "resolved": "https://registry.npmjs.org/file-size/-/file-size-0.0.5.tgz",
      "integrity": "sha1-BX1Dw6Ptc12j+Q1gUqs4Dx5tXjs=",
      "dev": true
    },
    "has-ansi": {
      "version": "0.1.0",
      "resolved": "https://registry.npmjs.org/has-ansi/-/has-ansi-0.1.0.tgz",
      "integrity": "sha1-hPJlqujA5qiKEtcCKJS3VoiUxi4=",
      "dev": true,
      "requires": {
        "ansi-regex": "0.2.1"
      }
    },
    "immediate": {
      "version": "3.0.6",
      "resolved": "https://registry.npmjs.org/immediate/-/immediate-3.0.6.tgz",
      "integrity": "sha1-nbHb0Pr43m++D13V5Wu2BigN5ps=",
      "dev": true
    },
    "inherits": {
      "version": "2.0.3",
      "resolved": "https://registry.npmjs.org/inherits/-/inherits-2.0.3.tgz",
      "integrity": "sha1-Yzwsg+PaQqUC9SRmAiSA9CCCYd4=",
      "dev": true
    },
    "is-wsl": {
      "version": "1.1.0",
      "resolved": "https://registry.npmjs.org/is-wsl/-/is-wsl-1.1.0.tgz",
      "integrity": "sha1-HxbkqiKwTRM2tmGIpmrzxgDDpm0=",
      "dev": true
    },
    "isarray": {
      "version": "1.0.0",
      "resolved": "https://registry.npmjs.org/isarray/-/isarray-1.0.0.tgz",
      "integrity": "sha1-u5NdSFgsuhaMBoNJV6VKPgcSTxE=",
      "dev": true
    },
    "jszip": {
      "version": "3.1.5",
      "resolved": "https://registry.npmjs.org/jszip/-/jszip-3.1.5.tgz",
      "integrity": "sha1-48KmxtcGrG5gMxQDbUPNQL7v3zc=",
      "dev": true,
      "requires": {
        "core-js": "2.3.0",
        "es6-promise": "3.0.2",
        "lie": "3.1.1",
        "pako": "1.0.6",
        "readable-stream": "2.0.6"
      }
    },
    "lie": {
      "version": "3.1.1",
      "resolved": "https://registry.npmjs.org/lie/-/lie-3.1.1.tgz",
      "integrity": "sha1-mkNrLMd0bKWd56QfpGmz77dr2H4=",
      "dev": true,
      "requires": {
        "immediate": "3.0.6"
      }
    },
    "mime": {
      "version": "1.6.0",
      "resolved": "https://registry.npmjs.org/mime/-/mime-1.6.0.tgz",
      "integrity": "sha1-Ms2eXGRVO9WNGaVor0Uqz/BJgbE=",
      "dev": true
    },
    "opn": {
      "version": "5.3.0",
      "resolved": "https://registry.npmjs.org/opn/-/opn-5.3.0.tgz",
      "integrity": "sha1-ZIcVZchjh18FLP31PT48ta21Oxw=",
      "dev": true,
      "requires": {
        "is-wsl": "1.1.0"
      }
    },
    "pako": {
      "version": "1.0.6",
      "resolved": "https://registry.npmjs.org/pako/-/pako-1.0.6.tgz",
      "integrity": "sha1-AQEhG6pwxLykoPY/Igbpe3368lg=",
      "dev": true
    },
    "ply-exporter": {
      "version": "1.0.0",
      "resolved": "https://registry.npmjs.org/ply-exporter/-/ply-exporter-1.0.0.tgz",
      "integrity": "sha1-fgzDAGAXGEIIp4eH3ygsNMejiBI=",
      "dev": true
    },
    "process-nextick-args": {
      "version": "1.0.7",
      "resolved": "https://registry.npmjs.org/process-nextick-args/-/process-nextick-args-1.0.7.tgz",
      "integrity": "sha1-FQ4gt1ZZCtP5EJPyWk8q2L/zC6M=",
      "dev": true
    },
    "readable-stream": {
      "version": "2.0.6",
      "resolved": "https://registry.npmjs.org/readable-stream/-/readable-stream-2.0.6.tgz",
      "integrity": "sha1-j5A0HmilPMySh4jaz80Rs265t44=",
      "dev": true,
      "requires": {
        "core-util-is": "1.0.2",
        "inherits": "2.0.3",
        "isarray": "1.0.0",
        "process-nextick-args": "1.0.7",
        "string_decoder": "0.10.31",
        "util-deprecate": "1.0.2"
      }
    },
    "static-server": {
      "version": "2.2.0",
      "resolved": "https://registry.npmjs.org/static-server/-/static-server-2.2.0.tgz",
      "integrity": "sha1-TffAMDE5d1zI5iLpjiv73mfs27Y=",
      "dev": true,
      "requires": {
        "chalk": "0.5.1",
        "commander": "2.15.0",
        "file-size": "0.0.5",
        "mime": "1.6.0",
        "opn": "5.3.0"
      }
    },
    "string_decoder": {
      "version": "0.10.31",
      "resolved": "https://registry.npmjs.org/string_decoder/-/string_decoder-0.10.31.tgz",
      "integrity": "sha1-YuIDvEF2bGwoyfyEMB2rHFMQ+pQ=",
      "dev": true
    },
    "strip-ansi": {
      "version": "0.3.0",
      "resolved": "https://registry.npmjs.org/strip-ansi/-/strip-ansi-0.3.0.tgz",
      "integrity": "sha1-JfSOoiynkYfzF0pNuHWTR7sSYiA=",
      "dev": true,
      "requires": {
        "ansi-regex": "0.2.1"
      }
    },
    "supports-color": {
      "version": "0.2.0",
      "resolved": "https://registry.npmjs.org/supports-color/-/supports-color-0.2.0.tgz",
      "integrity": "sha1-2S3iaU6z9nMjlz1649i1W0wiGQo=",
      "dev": true
    },
    "three": {
      "version": "0.93.0",
      "resolved": "https://registry.npmjs.org/three/-/three-0.93.0.tgz",
      "integrity": "sha1-P9bDZ+9FVKu7bhataZNig+iVwSM=",
      "dev": true
    },
    "urdf-loader": {
      "version": "0.2.3",
      "resolved": "https://registry.npmjs.org/urdf-loader/-/urdf-loader-0.2.3.tgz",
      "integrity": "sha512-UV08zSmnenV69l7MwF/8ZmkKfWiGieLetijXzBqOSGKd7mk8xo2WlyETAaaxBvEmcx+k3ZqUl8H55rv6CHmdAw==",
      "dev": true
    },
    "util-deprecate": {
      "version": "1.0.2",
      "resolved": "https://registry.npmjs.org/util-deprecate/-/util-deprecate-1.0.2.tgz",
      "integrity": "sha1-RQ1Nyfpw3nMnYvvS1KKJgUGaDM8=",
      "dev": true
    }
  }
}
